# This file is automatically @generated by Cargo.
# It is not intended for manual editing.
version = 4

[[package]]
name = "game"
version = "0.0.0"
dependencies = [
 "genesis-core",
 "genesis-viz",
]

[[package]]
name = "genesis-core"
version = "0.0.0"

[[package]]
name = "genesis-ffi"
version = "0.0.0"
dependencies = [
 "genesis-core",
]

[[package]]
name = "genesis-viz"
version = "0.0.0"
dependencies = [
 "genesis-core",
]
